<?xml version="1.0" encoding="utf-8"?>
<Project ToolsVersion="4.0" xmlns="http://schemas.microsoft.com/developer/msbuild/2003">
  <ItemGroup>
    <Filter Include="Resource Files">
      <UniqueIdentifier>{67DA6AB6-F800-4c08-8B7A-83BB121AAD01}</UniqueIdentifier>
      <Extensions>rc;ico;cur;bmp;dlg;rc2;rct;bin;rgs;gif;jpg;jpeg;jpe;resx;tiff;tif;png;wav;mfcribbon-ms</Extensions>
    </Filter>
    <Filter Include="Information">
      <UniqueIdentifier>{6a08c6ef-7df2-417e-adfb-79acc5e19e2b}</UniqueIdentifier>
    </Filter>
    <Filter Include="Source">
      <UniqueIdentifier>{501c706b-32a6-4af6-a8f5-867d31a81286}</UniqueIdentifier>
    </Filter>
    <Filter Include="Source\Province">
      <UniqueIdentifier>{9b2232c6-0438-4ce9-82f6-440ea103a5c4}</UniqueIdentifier>
    </Filter>
    <Filter Include="Source\Mikan">
      <UniqueIdentifier>{e05e08e0-95cc-4283-96b8-55966ac4470c}</UniqueIdentifier>
    </Filter>
  </ItemGroup>
  <ItemGroup>
    <ClCompile Include="Source\Mikan\Debug.cc">
      <Filter>Source\Mikan</Filter>
    </ClCompile>
    <ClCompile Include="Source\Mikan\Engine.cc">
      <Filter>Source\Mikan</Filter>
    </ClCompile>
    <ClCompile Include="Source\Mikan\Entity.cc">
      <Filter>Source\Mikan</Filter>
    </ClCompile>
    <ClCompile Include="Source\Mikan\EntityLoader.cc">
      <Filter>Source\Mikan</Filter>
    </ClCompile>
    <ClCompile Include="Source\FrameRate.cc">
      <Filter>Source</Filter>
    </ClCompile>
    <ClCompile Include="Source\jsoncpp.cpp">
      <Filter>Source</Filter>
    </ClCompile>
    <ClCompile Include="Source\Main.cc">
      <Filter>Source</Filter>
    </ClCompile>
    <ClCompile Include="Source\Map.cc">
      <Filter>Source</Filter>
    </ClCompile>
    <ClCompile Include="Source\Province\Province.cc">
      <Filter>Source\Province</Filter>
    </ClCompile>
    <ClCompile Include="Source\Province\ProvinceLoader.cc">
      <Filter>Source\Province</Filter>
    </ClCompile>
    <ClCompile Include="Source\Province\MapConverter.cc">
      <Filter>Source\Province</Filter>
    </ClCompile>
  </ItemGroup>
  <ItemGroup>
    <ClInclude Include="Source\Mikan\Debug.hh">
      <Filter>Source\Mikan</Filter>
    </ClInclude>
    <ClInclude Include="Source\Mikan\Engine.hh">
      <Filter>Source\Mikan</Filter>
    </ClInclude>
    <ClInclude Include="Source\Mikan\Entity.hh">
      <Filter>Source\Mikan</Filter>
    </ClInclude>
    <ClInclude Include="Source\Mikan\EntityLoader.hh">
      <Filter>Source\Mikan</Filter>
    </ClInclude>
    <ClInclude Include="Source\FrameRate.hh">
      <Filter>Source</Filter>
    </ClInclude>
    <ClInclude Include="Source\Map.hh">
      <Filter>Source</Filter>
    </ClInclude>
    <ClInclude Include="Source\Province\Province.hh">
      <Filter>Source\Province</Filter>
    </ClInclude>
    <ClInclude Include="Source\Province\ProvinceLoader.hh">
      <Filter>Source\Province</Filter>
    </ClInclude>
    <ClInclude Include="Source\Province\MapConverter.hh">
      <Filter>Source\Province</Filter>
    </ClInclude>
  </ItemGroup>
  <ItemGroup>
    <None Include="Information\provinces.json">
      <Filter>Information</Filter>
    </None>
  </ItemGroup>
</Project>